
Microsoft Visual Studio Solution File, Format Version 12.00
# Visual Studio Version 16
VisualStudioVersion = 16.0.31624.102
MinimumVisualStudioVersion = 10.0.40219.1
Project("{FAE04EC0-301F-11D3-BF4B-00C04F79EFBC}") = "Parcial “OnlyPans”", "Parcial “OnlyPans”\Parcial “OnlyPans”.csproj", "{13FCC281-8E22-41C7-8A24-A634AAA4DEB0}"
EndProject
Global
	GlobalSection(SolutionConfigurationPlatforms) = preSolution
		Debug|Any CPU = Debug|Any CPU
		Release|Any CPU = Release|Any CPU
	EndGlobalSection
	GlobalSection(ProjectConfigurationPlatforms) = postSolution
		{13FCC281-8E22-41C7-8A24-A634AAA4DEB0}.Debug|Any CPU.ActiveCfg = Debug|Any CPU
		{13FCC281-8E22-41C7-8A24-A634AAA4DEB0}.Debug|Any CPU.Build.0 = Debug|Any CPU
		{13FCC281-8E22-41C7-8A24-A634AAA4DEB0}.Release|Any CPU.ActiveCfg = Release|Any CPU
		{13FCC281-8E22-41C7-8A24-A634AAA4DEB0}.Release|Any CPU.Build.0 = Release|Any CPU
	EndGlobalSection
	GlobalSection(SolutionProperties) = preSolution
		HideSolutionNode = FALSE
	EndGlobalSection
	GlobalSection(ExtensibilityGlobals) = postSolution
		SolutionGuid = {3EAED116-B9F0-49BD-971E-B9234292F0FC}
	EndGlobalSection
EndGlobal
